
Microsoft Visual Studio Solution File, Format Version 12.00
# Visual Studio Version 17
VisualStudioVersion = 17.9.34728.123
MinimumVisualStudioVersion = 10.0.40219.1
Project("{FAE04EC0-301F-11D3-BF4B-00C04F79EFBC}") = "NetProxyGate", "NetProxyGate.csproj", "{4162EA48-F0F4-48C1-9AD1-7401BE5583A5}"
EndProject
Global
	GlobalSection(SolutionConfigurationPlatforms) = preSolution
		Debug|Any CPU = Debug|Any CPU
		Release|Any CPU = Release|Any CPU
	EndGlobalSection
	GlobalSection(ProjectConfigurationPlatforms) = postSolution
		{4162EA48-F0F4-48C1-9AD1-7401BE5583A5}.Debug|Any CPU.ActiveCfg = Debug|Any CPU
		{4162EA48-F0F4-48C1-9AD1-7401BE5583A5}.Debug|Any CPU.Build.0 = Debug|Any CPU
		{4162EA48-F0F4-48C1-9AD1-7401BE5583A5}.Release|Any CPU.ActiveCfg = Release|Any CPU
		{4162EA48-F0F4-48C1-9AD1-7401BE5583A5}.Release|Any CPU.Build.0 = Release|Any CPU
	EndGlobalSection
	GlobalSection(SolutionProperties) = preSolution
		HideSolutionNode = FALSE
	EndGlobalSection
	GlobalSection(ExtensibilityGlobals) = postSolution
		SolutionGuid = {3692A37C-838B-4380-9790-4D1EE25FBC1F}
	EndGlobalSection
EndGlobal
